
Microsoft Visual Studio Solution File, Format Version 12.00
Project("{2150E333-8FDC-42A3-9474-1A3956D46DE8}") = "src", "src", "{5C6497A9-0691-4890-8534-55EBF88AF011}"
EndProject
Project("{FAE04EC0-301F-11D3-BF4B-00C04F79EFBC}") = "Raycynix.Identity.Abstractions", "src\Raycynix.Identity.Abstractions\Raycynix.Identity.Abstractions.csproj", "{57A6C98B-9D33-4E06-BEA4-4661716D885F}"
EndProject
Project("{FAE04EC0-301F-11D3-BF4B-00C04F79EFBC}") = "Raycynix.Identity.Host", "src\Raycynix.Identity.Host\Raycynix.Identity.Host.csproj", "{F9F53BA4-50E1-479C-9996-39590C228BCC}"
EndProject
Project("{2150E333-8FDC-42A3-9474-1A3956D46DE8}") = "tests", "tests", "{5C15819F-F883-48C6-84CF-0B88235E33F9}"
EndProject
Project("{FAE04EC0-301F-11D3-BF4B-00C04F79EFBC}") = "Raycynix.Identity.Host.Tests", "tests\Raycynix.Identity.Host.Tests\Raycynix.Identity.Host.Tests.csproj", "{A00DA919-13E2-4A1D-9A15-18A72BB64073}"
EndProject
Project("{2150E333-8FDC-42A3-9474-1A3956D46DE8}") = "workers", "workers", "{4F79F21E-1D69-4FF9-96B8-52EEAE637DC5}"
EndProject
Project("{2150E333-8FDC-42A3-9474-1A3956D46DE8}") = "orchestration", "orchestration", "{7AD263C1-A34F-49DD-B7BD-E9891B909634}"
EndProject
Project("{FAE04EC0-301F-11D3-BF4B-00C04F79EFBC}") = "Raycynix.Identity.AppHost", "orchestration\Raycynix.Identity.AppHost\Raycynix.Identity.AppHost.csproj", "{2C796F10-36EF-446F-B78A-DD3CA5B38182}"
EndProject
Project("{2150E333-8FDC-42A3-9474-1A3956D46DE8}") = "deployments", "deployments", "{03EAD8FF-1688-488C-8FF5-772509E07D17}"
EndProject
Global
	GlobalSection(SolutionConfigurationPlatforms) = preSolution
		Debug|Any CPU = Debug|Any CPU
		Release|Any CPU = Release|Any CPU
	EndGlobalSection
	GlobalSection(ProjectConfigurationPlatforms) = postSolution
		{F9F53BA4-50E1-479C-9996-39590C228BCC}.Debug|Any CPU.ActiveCfg = Debug|Any CPU
		{F9F53BA4-50E1-479C-9996-39590C228BCC}.Debug|Any CPU.Build.0 = Debug|Any CPU
		{F9F53BA4-50E1-479C-9996-39590C228BCC}.Release|Any CPU.ActiveCfg = Release|Any CPU
		{F9F53BA4-50E1-479C-9996-39590C228BCC}.Release|Any CPU.Build.0 = Release|Any CPU
		{2C796F10-36EF-446F-B78A-DD3CA5B38182}.Debug|Any CPU.ActiveCfg = Debug|Any CPU
		{2C796F10-36EF-446F-B78A-DD3CA5B38182}.Debug|Any CPU.Build.0 = Debug|Any CPU
		{2C796F10-36EF-446F-B78A-DD3CA5B38182}.Release|Any CPU.ActiveCfg = Release|Any CPU
		{2C796F10-36EF-446F-B78A-DD3CA5B38182}.Release|Any CPU.Build.0 = Release|Any CPU
		{A00DA919-13E2-4A1D-9A15-18A72BB64073}.Debug|Any CPU.ActiveCfg = Debug|Any CPU
		{A00DA919-13E2-4A1D-9A15-18A72BB64073}.Debug|Any CPU.Build.0 = Debug|Any CPU
		{A00DA919-13E2-4A1D-9A15-18A72BB64073}.Release|Any CPU.ActiveCfg = Release|Any CPU
		{A00DA919-13E2-4A1D-9A15-18A72BB64073}.Release|Any CPU.Build.0 = Release|Any CPU
		{57A6C98B-9D33-4E06-BEA4-4661716D885F}.Debug|Any CPU.ActiveCfg = Debug|Any CPU
		{57A6C98B-9D33-4E06-BEA4-4661716D885F}.Debug|Any CPU.Build.0 = Debug|Any CPU
		{57A6C98B-9D33-4E06-BEA4-4661716D885F}.Release|Any CPU.ActiveCfg = Release|Any CPU
		{57A6C98B-9D33-4E06-BEA4-4661716D885F}.Release|Any CPU.Build.0 = Release|Any CPU
	EndGlobalSection
	GlobalSection(NestedProjects) = preSolution
		{F9F53BA4-50E1-479C-9996-39590C228BCC} = {5C6497A9-0691-4890-8534-55EBF88AF011}
		{A00DA919-13E2-4A1D-9A15-18A72BB64073} = {5C15819F-F883-48C6-84CF-0B88235E33F9}
		{2C796F10-36EF-446F-B78A-DD3CA5B38182} = {7AD263C1-A34F-49DD-B7BD-E9891B909634}
		{57A6C98B-9D33-4E06-BEA4-4661716D885F} = {5C6497A9-0691-4890-8534-55EBF88AF011}
	EndGlobalSection
EndGlobal
